
Microsoft Visual Studio Solution File, Format Version 12.00
# Visual Studio Version 16
VisualStudioVersion = 16.0.28803.452
MinimumVisualStudioVersion = 10.0.40219.1
Project("{2150E333-8FDC-42A3-9474-1A3956D46DE8}") = "lesson-4", "lesson-4", "{10838005-7C36-47DD-A041-EE5624A8644E}"
EndProject
Project("{FAE04EC0-301F-11D3-BF4B-00C04F79EFBC}") = "Task1", "Task1\Task1.csproj", "{9777A25D-1AA0-43B0-9148-8FC6D13C9133}"
EndProject
Global
	GlobalSection(SolutionConfigurationPlatforms) = preSolution
		Debug|Any CPU = Debug|Any CPU
		Release|Any CPU = Release|Any CPU
	EndGlobalSection
	GlobalSection(ProjectConfigurationPlatforms) = postSolution
		{9777A25D-1AA0-43B0-9148-8FC6D13C9133}.Debug|Any CPU.ActiveCfg = Debug|Any CPU
		{9777A25D-1AA0-43B0-9148-8FC6D13C9133}.Debug|Any CPU.Build.0 = Debug|Any CPU
		{9777A25D-1AA0-43B0-9148-8FC6D13C9133}.Release|Any CPU.ActiveCfg = Release|Any CPU
		{9777A25D-1AA0-43B0-9148-8FC6D13C9133}.Release|Any CPU.Build.0 = Release|Any CPU
	EndGlobalSection
	GlobalSection(SolutionProperties) = preSolution
		HideSolutionNode = FALSE
	EndGlobalSection
	GlobalSection(ExtensibilityGlobals) = postSolution
		SolutionGuid = {8C4E7F5B-8A52-4105-857C-B6D26A574869}
	EndGlobalSection
EndGlobal
